
Microsoft Visual Studio Solution File, Format Version 12.00
# Visual Studio Version 17
VisualStudioVersion = 17.12.35514.174
MinimumVisualStudioVersion = 10.0.40219.1
Project("{FAE04EC0-301F-11D3-BF4B-00C04F79EFBC}") = "SOAPServices", "SOAPServices\SOAPServices.csproj", "{604D365E-58FA-45BC-9747-3FF5307E5067}"
EndProject
Global
	GlobalSection(SolutionConfigurationPlatforms) = preSolution
		Debug|Any CPU = Debug|Any CPU
		Release|Any CPU = Release|Any CPU
	EndGlobalSection
	GlobalSection(ProjectConfigurationPlatforms) = postSolution
		{604D365E-58FA-45BC-9747-3FF5307E5067}.Debug|Any CPU.ActiveCfg = Debug|Any CPU
		{604D365E-58FA-45BC-9747-3FF5307E5067}.Debug|Any CPU.Build.0 = Debug|Any CPU
		{604D365E-58FA-45BC-9747-3FF5307E5067}.Release|Any CPU.ActiveCfg = Release|Any CPU
		{604D365E-58FA-45BC-9747-3FF5307E5067}.Release|Any CPU.Build.0 = Release|Any CPU
		{4209A780-D0C3-41AC-BCF7-1C1AFA03A55F}.Debug|Any CPU.ActiveCfg = Debug|Any CPU
		{4209A780-D0C3-41AC-BCF7-1C1AFA03A55F}.Debug|Any CPU.Build.0 = Debug|Any CPU
		{4209A780-D0C3-41AC-BCF7-1C1AFA03A55F}.Release|Any CPU.ActiveCfg = Release|Any CPU
		{4209A780-D0C3-41AC-BCF7-1C1AFA03A55F}.Release|Any CPU.Build.0 = Release|Any CPU
		{E78420DE-408B-4AB8-A8C0-CA36152EDEA8}.Debug|Any CPU.ActiveCfg = Debug|Any CPU
		{E78420DE-408B-4AB8-A8C0-CA36152EDEA8}.Debug|Any CPU.Build.0 = Debug|Any CPU
		{E78420DE-408B-4AB8-A8C0-CA36152EDEA8}.Release|Any CPU.ActiveCfg = Release|Any CPU
		{E78420DE-408B-4AB8-A8C0-CA36152EDEA8}.Release|Any CPU.Build.0 = Release|Any CPU
	EndGlobalSection
	GlobalSection(SolutionProperties) = preSolution
		HideSolutionNode = FALSE
	EndGlobalSection
EndGlobal
